<?xml version="1.0" encoding="utf-8"?>
<Project ToolsVersion="4.0" xmlns="http://schemas.microsoft.com/developer/msbuild/2003">
  <ItemGroup>
    <Filter Include="Source Files">
      <UniqueIdentifier>{4FC737F1-C7A5-4376-A066-2A32D752A2FF}</UniqueIdentifier>
      <Extensions>cpp;c;cc;cxx;def;odl;idl;hpj;bat;asm;asmx</Extensions>
    </Filter>
    <Filter Include="Header Files">
      <UniqueIdentifier>{93995380-89BD-4b04-88EB-625FBE52EBFB}</UniqueIdentifier>
      <Extensions>h;hh;hpp;hxx;hm;inl;inc;ipp;xsd</Extensions>
    </Filter>
    <Filter Include="Resource Files">
      <UniqueIdentifier>{67DA6AB6-F800-4c08-8B7A-83BB121AAD01}</UniqueIdentifier>
      <Extensions>rc;ico;cur;bmp;dlg;rc2;rct;bin;rgs;gif;jpg;jpeg;jpe;resx;tiff;tif;png;wav;mfcribbon-ms</Extensions>
    </Filter>
    <Filter Include="Schofferhoffer">
      <UniqueIdentifier>{c6c0e0b0-3a13-45d0-b954-89250411e25b}</UniqueIdentifier>
    </Filter>
    <Filter Include="Schofferhoffer\Header Files">
      <UniqueIdentifier>{b9ffe077-e00d-4487-b8f8-dc97b99cbc51}</UniqueIdentifier>
    </Filter>
    <Filter Include="Source Files\Features">
      <UniqueIdentifier>{082c54f5-bb98-43ee-9f14-19475836d936}</UniqueIdentifier>
    </Filter>
    <Filter Include="Source Files\Combat">
      <UniqueIdentifier>{3596a6d5-f394-40d5-8466-e35d8398408e}</UniqueIdentifier>
    </Filter>
    <Filter Include="Source Files\Combat\Headers">
      <UniqueIdentifier>{b0f73f4e-c0cd-44e0-a30d-a3a10e1b446b}</UniqueIdentifier>
    </Filter>
    <Filter Include="Source Files\Library">
      <UniqueIdentifier>{0b8b3fbb-afb2-4f0a-ac4c-d35d7d607316}</UniqueIdentifier>
    </Filter>
  </ItemGroup>
  <ItemGroup>
    <ClCompile Include="dllmain.cpp">
      <Filter>Source Files</Filter>
    </ClCompile>
    <ClCompile Include="Imgui\examples\imgui_impl_dx11.cpp">
      <Filter>Schofferhoffer</Filter>
    </ClCompile>
    <ClCompile Include="Imgui\examples\imgui_impl_win32.cpp">
      <Filter>Schofferhoffer</Filter>
    </ClCompile>
    <ClCompile Include="Imgui\imgui_widgets.cpp">
      <Filter>Schofferhoffer</Filter>
    </ClCompile>
    <ClCompile Include="Imgui\imgui.cpp">
      <Filter>Schofferhoffer</Filter>
    </ClCompile>
    <ClCompile Include="Imgui\imgui_demo.cpp">
      <Filter>Schofferhoffer</Filter>
    </ClCompile>
    <ClCompile Include="Imgui\imgui_draw.cpp">
      <Filter>Schofferhoffer</Filter>
    </ClCompile>
    <ClCompile Include="Menu.cpp">
      <Filter>Source Files</Filter>
    </ClCompile>
    <ClCompile Include="Hooks.cpp">
      <Filter>Source Files</Filter>
    </ClCompile>
    <ClCompile Include="Scan.cpp">
      <Filter>Source Files</Filter>
    </ClCompile>
    <ClCompile Include="Helper.cpp">
      <Filter>Source Files</Filter>
    </ClCompile>
    <ClCompile Include="Hacks.cpp">
      <Filter>Source Files</Filter>
    </ClCompile>
    <ClCompile Include="LuaAPI.cpp">
      <Filter>Source Files</Filter>
    </ClCompile>
    <ClCompile Include="Radar.cpp">
      <Filter>Source Files\Features</Filter>
    </ClCompile>
    <ClCompile Include="Combat.cpp">
      <Filter>Source Files\Combat</Filter>
    </ClCompile>
    <ClCompile Include="Grinder.cpp">
      <Filter>Source Files\Combat</Filter>
    </ClCompile>
    <ClCompile Include="Patterns.cpp">
      <Filter>Source Files</Filter>
    </ClCompile>
    <ClCompile Include="Game.cpp">
      <Filter>Source Files</Filter>
    </ClCompile>
    <ClCompile Include="GameClasses.cpp">
      <Filter>Source Files</Filter>
    </ClCompile>
  </ItemGroup>
  <ItemGroup>
    <ClInclude Include="Imgui\imconfig.h">
      <Filter>Schofferhoffer\Header Files</Filter>
    </ClInclude>
    <ClInclude Include="Imgui\imgui.h">
      <Filter>Schofferhoffer\Header Files</Filter>
    </ClInclude>
    <ClInclude Include="Imgui\imgui_internal.h">
      <Filter>Schofferhoffer\Header Files</Filter>
    </ClInclude>
    <ClInclude Include="Imgui\imstb_rectpack.h">
      <Filter>Schofferhoffer\Header Files</Filter>
    </ClInclude>
    <ClInclude Include="Imgui\imstb_textedit.h">
      <Filter>Schofferhoffer\Header Files</Filter>
    </ClInclude>
    <ClInclude Include="Imgui\imstb_truetype.h">
      <Filter>Schofferhoffer\Header Files</Filter>
    </ClInclude>
    <ClInclude Include="Imgui\examples\imgui_impl_win32.h">
      <Filter>Schofferhoffer\Header Files</Filter>
    </ClInclude>
    <ClInclude Include="Imgui\examples\imgui_impl_dx11.h">
      <Filter>Schofferhoffer\Header Files</Filter>
    </ClInclude>
    <ClInclude Include="Hooks.h">
      <Filter>Header Files</Filter>
    </ClInclude>
    <ClInclude Include="Menu.h">
      <Filter>Header Files</Filter>
    </ClInclude>
    <ClInclude Include="GameClasses.h">
      <Filter>Header Files</Filter>
    </ClInclude>
    <ClInclude Include="Helper.h">
      <Filter>Header Files</Filter>
    </ClInclude>
    <ClInclude Include="Hacks.h">
      <Filter>Header Files</Filter>
    </ClInclude>
    <ClInclude Include="Imgui\examples\imgui_memory_editor.h">
      <Filter>Schofferhoffer</Filter>
    </ClInclude>
    <ClInclude Include="LuaAPI.h">
      <Filter>Header Files</Filter>
    </ClInclude>
    <ClInclude Include="Radar.h">
      <Filter>Source Files\Features</Filter>
    </ClInclude>
    <ClInclude Include="Combat.h">
      <Filter>Source Files\Combat\Headers</Filter>
    </ClInclude>
    <ClInclude Include="Grinder.h">
      <Filter>Source Files\Combat\Headers</Filter>
    </ClInclude>
    <ClInclude Include="vmt.h">
      <Filter>Schofferhoffer\Header Files</Filter>
    </ClInclude>
    <ClInclude Include="Scan.h">
      <Filter>Schofferhoffer\Header Files</Filter>
    </ClInclude>
    <ClInclude Include="Patterns.h">
      <Filter>Header Files</Filter>
    </ClInclude>
    <ClInclude Include="pch.h">
      <Filter>Header Files</Filter>
    </ClInclude>
    <ClInclude Include="Game.h">
      <Filter>Header Files</Filter>
    </ClInclude>
  </ItemGroup>
</Project>